
Microsoft Visual Studio Solution File, Format Version 12.00
# Visual Studio 15
VisualStudioVersion = 15.0.26730.10
MinimumVisualStudioVersion = 10.0.40219.1
Project("{8BC9CEB8-8B4A-11D0-8D11-00A0C91BC942}") = "Project1", "Project1\Project1.vcxproj", "{209ADA7D-C7CF-4196-A0F6-26ED3C2547E7}"
EndProject
Project("{8BC9CEB8-8B4A-11D0-8D11-00A0C91BC942}") = "Testing", "Testing\Testing.vcxproj", "{2B49B3F8-5A23-4BC3-8A77-189C0B2B9671}"
	ProjectSection(ProjectDependencies) = postProject
		{209ADA7D-C7CF-4196-A0F6-26ED3C2547E7} = {209ADA7D-C7CF-4196-A0F6-26ED3C2547E7}
	EndProjectSection
EndProject
Project("{2150E333-8FDC-42A3-9474-1A3956D46DE8}") = "Solution Items", "Solution Items", "{6DB4C1BE-EEC0-41F8-BE3C-18722F2C0505}"
EndProject
Global
	GlobalSection(SolutionConfigurationPlatforms) = preSolution
		Debug|x86 = Debug|x86
		Release|x86 = Release|x86
	EndGlobalSection
	GlobalSection(ProjectConfigurationPlatforms) = postSolution
		{209ADA7D-C7CF-4196-A0F6-26ED3C2547E7}.Debug|x86.ActiveCfg = Debug|Win32
		{209ADA7D-C7CF-4196-A0F6-26ED3C2547E7}.Debug|x86.Build.0 = Debug|Win32
		{209ADA7D-C7CF-4196-A0F6-26ED3C2547E7}.Release|x86.ActiveCfg = Release|Win32
		{209ADA7D-C7CF-4196-A0F6-26ED3C2547E7}.Release|x86.Build.0 = Release|Win32
		{2B49B3F8-5A23-4BC3-8A77-189C0B2B9671}.Debug|x86.ActiveCfg = Debug|Win32
		{2B49B3F8-5A23-4BC3-8A77-189C0B2B9671}.Debug|x86.Build.0 = Debug|Win32
		{2B49B3F8-5A23-4BC3-8A77-189C0B2B9671}.Release|x86.ActiveCfg = Release|Win32
		{2B49B3F8-5A23-4BC3-8A77-189C0B2B9671}.Release|x86.Build.0 = Release|Win32
	EndGlobalSection
	GlobalSection(SolutionProperties) = preSolution
		HideSolutionNode = FALSE
	EndGlobalSection
	GlobalSection(ExtensibilityGlobals) = postSolution
		SolutionGuid = {ED6DF37F-E167-4FAE-9BA2-2EF8B847CEFA}
	EndGlobalSection
EndGlobal
